
Microsoft Visual Studio Solution File, Format Version 12.00
# Visual Studio Version 16
VisualStudioVersion = 16.0.31129.286
MinimumVisualStudioVersion = 10.0.40219.1
Project("{8BC9CEB8-8B4A-11D0-8D11-00A0C91BC942}") = "TensorRTYoloV5", "TensorRTYoloV5.vcxproj", "{599F3A58-8E20-48C2-915B-85E83E1FCB38}"
EndProject
Global
	GlobalSection(SolutionConfigurationPlatforms) = preSolution
		Debug|x64 = Debug|x64
		Debug|x86 = Debug|x86
		Release|x64 = Release|x64
		Release|x86 = Release|x86
	EndGlobalSection
	GlobalSection(ProjectConfigurationPlatforms) = postSolution
		{599F3A58-8E20-48C2-915B-85E83E1FCB38}.Debug|x64.ActiveCfg = Debug|x64
		{599F3A58-8E20-48C2-915B-85E83E1FCB38}.Debug|x64.Build.0 = Debug|x64
		{599F3A58-8E20-48C2-915B-85E83E1FCB38}.Debug|x86.ActiveCfg = Debug|Win32
		{599F3A58-8E20-48C2-915B-85E83E1FCB38}.Debug|x86.Build.0 = Debug|Win32
		{599F3A58-8E20-48C2-915B-85E83E1FCB38}.Release|x64.ActiveCfg = Release|x64
		{599F3A58-8E20-48C2-915B-85E83E1FCB38}.Release|x64.Build.0 = Release|x64
		{599F3A58-8E20-48C2-915B-85E83E1FCB38}.Release|x86.ActiveCfg = Release|Win32
		{599F3A58-8E20-48C2-915B-85E83E1FCB38}.Release|x86.Build.0 = Release|Win32
	EndGlobalSection
	GlobalSection(SolutionProperties) = preSolution
		HideSolutionNode = FALSE
	EndGlobalSection
	GlobalSection(ExtensibilityGlobals) = postSolution
		SolutionGuid = {9B780951-C34E-47D8-AA70-ADA6489FAE20}
	EndGlobalSection
EndGlobal
